
Microsoft Visual Studio Solution File, Format Version 12.00
# Visual Studio Version 17
VisualStudioVersion = 17.2.32516.85
MinimumVisualStudioVersion = 10.0.40219.1
Project("{FAE04EC0-301F-11D3-BF4B-00C04F79EFBC}") = "CsOverlay", "CsOverlay.csproj", "{581C6C4F-450E-48E7-98D5-C5901E4DC244}"
EndProject
Global
	GlobalSection(SolutionConfigurationPlatforms) = preSolution
		Debug|Any CPU = Debug|Any CPU
		Release|Any CPU = Release|Any CPU
	EndGlobalSection
	GlobalSection(ProjectConfigurationPlatforms) = postSolution
		{581C6C4F-450E-48E7-98D5-C5901E4DC244}.Debug|Any CPU.ActiveCfg = Debug|Any CPU
		{581C6C4F-450E-48E7-98D5-C5901E4DC244}.Debug|Any CPU.Build.0 = Debug|Any CPU
		{581C6C4F-450E-48E7-98D5-C5901E4DC244}.Release|Any CPU.ActiveCfg = Release|Any CPU
		{581C6C4F-450E-48E7-98D5-C5901E4DC244}.Release|Any CPU.Build.0 = Release|Any CPU
	EndGlobalSection
	GlobalSection(SolutionProperties) = preSolution
		HideSolutionNode = FALSE
	EndGlobalSection
	GlobalSection(ExtensibilityGlobals) = postSolution
		SolutionGuid = {85A216FE-9BD2-4FA0-B56A-666A48478D97}
	EndGlobalSection
EndGlobal
